
Microsoft Visual Studio Solution File, Format Version 12.00
# Visual Studio 15
VisualStudioVersion = 15.0.28307.271
MinimumVisualStudioVersion = 10.0.40219.1
Project("{FAE04EC0-301F-11D3-BF4B-00C04F79EFBC}") = "Calculator", "Calculator\Calculator.csproj", "{B565C52A-882F-46EA-8FDA-746F0B8C3BF1}"
EndProject
Project("{FAE04EC0-301F-11D3-BF4B-00C04F79EFBC}") = "CalculatorTest", "CalculatorTest\CalculatorTest.csproj", "{BC82953B-E212-4611-A90E-43C2D4B15F31}"
EndProject
Global
	GlobalSection(SolutionConfigurationPlatforms) = preSolution
		Debug|Any CPU = Debug|Any CPU
		Release|Any CPU = Release|Any CPU
	EndGlobalSection
	GlobalSection(ProjectConfigurationPlatforms) = postSolution
		{B565C52A-882F-46EA-8FDA-746F0B8C3BF1}.Debug|Any CPU.ActiveCfg = Debug|Any CPU
		{B565C52A-882F-46EA-8FDA-746F0B8C3BF1}.Debug|Any CPU.Build.0 = Debug|Any CPU
		{B565C52A-882F-46EA-8FDA-746F0B8C3BF1}.Release|Any CPU.ActiveCfg = Release|Any CPU
		{B565C52A-882F-46EA-8FDA-746F0B8C3BF1}.Release|Any CPU.Build.0 = Release|Any CPU
		{BC82953B-E212-4611-A90E-43C2D4B15F31}.Debug|Any CPU.ActiveCfg = Debug|Any CPU
		{BC82953B-E212-4611-A90E-43C2D4B15F31}.Debug|Any CPU.Build.0 = Debug|Any CPU
		{BC82953B-E212-4611-A90E-43C2D4B15F31}.Release|Any CPU.ActiveCfg = Release|Any CPU
		{BC82953B-E212-4611-A90E-43C2D4B15F31}.Release|Any CPU.Build.0 = Release|Any CPU
	EndGlobalSection
	GlobalSection(SolutionProperties) = preSolution
		HideSolutionNode = FALSE
	EndGlobalSection
	GlobalSection(ExtensibilityGlobals) = postSolution
		SolutionGuid = {CFA99F92-F48A-4AC1-A079-CB1DD7D96B2D}
	EndGlobalSection
EndGlobal
